
Microsoft Visual Studio Solution File, Format Version 12.00
# Visual Studio Version 17
VisualStudioVersion = 17.9.34310.174
MinimumVisualStudioVersion = 10.0.40219.1
Project("{FAE04EC0-301F-11D3-BF4B-00C04F79EFBC}") = "FloatDamage.Loader", "FloatDamage\FloatDamage.Loader\FloatDamage.Loader.csproj", "{264E1E04-ECA1-4CF1-949D-07AEF3E2CEEA}"
EndProject
Project("{FAE04EC0-301F-11D3-BF4B-00C04F79EFBC}") = "FloatDamage", "FloatDamage\FloatDamage\FloatDamage.csproj", "{666E1BEC-D0E6-4A47-83DE-2FBA25B11D0C}"
EndProject
Global
	GlobalSection(SolutionConfigurationPlatforms) = preSolution
		Debug|Any CPU = Debug|Any CPU
		Release|Any CPU = Release|Any CPU
	EndGlobalSection
	GlobalSection(ProjectConfigurationPlatforms) = postSolution
		{264E1E04-ECA1-4CF1-949D-07AEF3E2CEEA}.Debug|Any CPU.ActiveCfg = Debug|Any CPU
		{264E1E04-ECA1-4CF1-949D-07AEF3E2CEEA}.Debug|Any CPU.Build.0 = Debug|Any CPU
		{264E1E04-ECA1-4CF1-949D-07AEF3E2CEEA}.Release|Any CPU.ActiveCfg = Release|Any CPU
		{264E1E04-ECA1-4CF1-949D-07AEF3E2CEEA}.Release|Any CPU.Build.0 = Release|Any CPU
		{666E1BEC-D0E6-4A47-83DE-2FBA25B11D0C}.Debug|Any CPU.ActiveCfg = Debug|Any CPU
		{666E1BEC-D0E6-4A47-83DE-2FBA25B11D0C}.Debug|Any CPU.Build.0 = Debug|Any CPU
		{666E1BEC-D0E6-4A47-83DE-2FBA25B11D0C}.Release|Any CPU.ActiveCfg = Release|Any CPU
		{666E1BEC-D0E6-4A47-83DE-2FBA25B11D0C}.Release|Any CPU.Build.0 = Release|Any CPU
	EndGlobalSection
	GlobalSection(SolutionProperties) = preSolution
		HideSolutionNode = FALSE
	EndGlobalSection
	GlobalSection(ExtensibilityGlobals) = postSolution
		SolutionGuid = {6BE74FF9-4E26-4CD1-8EBD-AC0DEE5442D6}
	EndGlobalSection
EndGlobal
